
Microsoft Visual Studio Solution File, Format Version 10.00
# Visual Studio 2008
Project("{8BC9CEB8-8B4A-11D0-8D11-00A0C91BC942}") = "Gateway", "Gateway\Gateway.vcproj", "{2E84231B-1290-4973-BF87-908DF23BC290}"
	ProjectSection(ProjectDependencies) = postProject
		{78928F69-C7AC-44BB-B4E1-BC050C188EDE} = {78928F69-C7AC-44BB-B4E1-BC050C188EDE}
	EndProjectSection
EndProject
Project("{8BC9CEB8-8B4A-11D0-8D11-00A0C91BC942}") = "Login", "Login\Login.vcproj", "{144B2D8C-AFBA-4364-A2AF-D36AB96178B2}"
	ProjectSection(ProjectDependencies) = postProject
		{78928F69-C7AC-44BB-B4E1-BC050C188EDE} = {78928F69-C7AC-44BB-B4E1-BC050C188EDE}
	EndProjectSection
EndProject
Project("{8BC9CEB8-8B4A-11D0-8D11-00A0C91BC942}") = "Chat", "Chat\Chat.vcproj", "{8E8F64F6-C716-40DC-BEB9-CB07BB982268}"
	ProjectSection(ProjectDependencies) = postProject
		{78928F69-C7AC-44BB-B4E1-BC050C188EDE} = {78928F69-C7AC-44BB-B4E1-BC050C188EDE}
	EndProjectSection
EndProject
Project("{8BC9CEB8-8B4A-11D0-8D11-00A0C91BC942}") = "Game", "Game\Game.vcproj", "{E1CCE861-3A89-4B2F-8635-B543B90EFA5C}"
EndProject
Project("{2150E333-8FDC-42A3-9474-1A3956D46DE8}") = "Solution Items", "Solution Items", "{FF127F69-75F1-43E9-ABD3-BBD0663D3D88}"
	ProjectSection(SolutionItems) = preProject
		CommmonQueries.txt = CommmonQueries.txt
		DBCreateQueries.txt = DBCreateQueries.txt
		SolutionReadMe.txt = SolutionReadMe.txt
	EndProjectSection
EndProject
Project("{8BC9CEB8-8B4A-11D0-8D11-00A0C91BC942}") = "BaseGameLibrary", "BaseGameLibrary\BaseGameLibrary.vcproj", "{C3B3C31F-671D-4FC0-A69A-A90C2DEBEEF3}"
	ProjectSection(ProjectDependencies) = postProject
		{78928F69-C7AC-44BB-B4E1-BC050C188EDE} = {78928F69-C7AC-44BB-B4E1-BC050C188EDE}
	EndProjectSection
EndProject
Project("{8BC9CEB8-8B4A-11D0-8D11-00A0C91BC942}") = "BaseClientLibrary", "BaseClientLibrary\BaseClientLibrary.vcproj", "{F74C7545-C2D2-4FDE-9B4C-F875FA9D5C22}"
	ProjectSection(ProjectDependencies) = postProject
		{78928F69-C7AC-44BB-B4E1-BC050C188EDE} = {78928F69-C7AC-44BB-B4E1-BC050C188EDE}
	EndProjectSection
EndProject
Project("{8BC9CEB8-8B4A-11D0-8D11-00A0C91BC942}") = "Accounts", "Accounts\Accounts.vcproj", "{0C54456D-3577-4F89-865B-06C8AE97291F}"
	ProjectSection(ProjectDependencies) = postProject
		{78928F69-C7AC-44BB-B4E1-BC050C188EDE} = {78928F69-C7AC-44BB-B4E1-BC050C188EDE}
	EndProjectSection
EndProject
Project("{8BC9CEB8-8B4A-11D0-8D11-00A0C91BC942}") = "AssetDelivery", "AssetDelivery\AssetDelivery.vcproj", "{F8243E42-064B-46CC-A0A7-8AD02CE41CBF}"
	ProjectSection(ProjectDependencies) = postProject
		{78928F69-C7AC-44BB-B4E1-BC050C188EDE} = {78928F69-C7AC-44BB-B4E1-BC050C188EDE}
	EndProjectSection
EndProject
Project("{8BC9CEB8-8B4A-11D0-8D11-00A0C91BC942}") = "Contacts", "Contacts\Contacts.vcproj", "{AA43865F-9FD5-4FD9-AD36-7495A9701480}"
	ProjectSection(ProjectDependencies) = postProject
		{78928F69-C7AC-44BB-B4E1-BC050C188EDE} = {78928F69-C7AC-44BB-B4E1-BC050C188EDE}
	EndProjectSection
EndProject
Project("{8BC9CEB8-8B4A-11D0-8D11-00A0C91BC942}") = "Tournament", "Tournament\Tournament.vcproj", "{02236CEF-05E3-46DE-9322-813209ABD6D9}"
	ProjectSection(ProjectDependencies) = postProject
		{78928F69-C7AC-44BB-B4E1-BC050C188EDE} = {78928F69-C7AC-44BB-B4E1-BC050C188EDE}
	EndProjectSection
EndProject
Project("{8BC9CEB8-8B4A-11D0-8D11-00A0C91BC942}") = "PacketLibrary", "PacketLibrary\PacketLibrary.vcproj", "{78928F69-C7AC-44BB-B4E1-BC050C188EDE}"
EndProject
Project("{8BC9CEB8-8B4A-11D0-8D11-00A0C91BC942}") = "Purchase", "Purchase\Purchase.vcproj", "{E57DF4AD-3F29-423F-9D2A-BC8F3CE52B19}"
	ProjectSection(ProjectDependencies) = postProject
		{78928F69-C7AC-44BB-B4E1-BC050C188EDE} = {78928F69-C7AC-44BB-B4E1-BC050C188EDE}
	EndProjectSection
EndProject
Project("{8BC9CEB8-8B4A-11D0-8D11-00A0C91BC942}") = "LoadBalancer", "LoadBalancer\LoadBalancer.vcproj", "{F83B2B33-CDAD-40B0-801F-5CCC93027B18}"
	ProjectSection(ProjectDependencies) = postProject
		{78928F69-C7AC-44BB-B4E1-BC050C188EDE} = {78928F69-C7AC-44BB-B4E1-BC050C188EDE}
	EndProjectSection
EndProject
Project("{8BC9CEB8-8B4A-11D0-8D11-00A0C91BC942}") = "Stat", "Stat\Stat.vcproj", "{5F4F1B30-68FE-446C-A8C7-527518266278}"
EndProject
Project("{8BC9CEB8-8B4A-11D0-8D11-00A0C91BC942}") = "Chat2", "Chat2\Chat2.vcproj", "{BC097E9D-3A7F-4840-AC4F-E3B5399B1545}"
EndProject
Global
	GlobalSection(SolutionConfigurationPlatforms) = preSolution
		Debug|Win32 = Debug|Win32
		DebugForCLR|Win32 = DebugForCLR|Win32
		Release|Win32 = Release|Win32
	EndGlobalSection
	GlobalSection(ProjectConfigurationPlatforms) = postSolution
		{2E84231B-1290-4973-BF87-908DF23BC290}.Debug|Win32.ActiveCfg = Debug|Win32
		{2E84231B-1290-4973-BF87-908DF23BC290}.Debug|Win32.Build.0 = Debug|Win32
		{2E84231B-1290-4973-BF87-908DF23BC290}.DebugForCLR|Win32.ActiveCfg = Debug|Win32
		{2E84231B-1290-4973-BF87-908DF23BC290}.DebugForCLR|Win32.Build.0 = Debug|Win32
		{2E84231B-1290-4973-BF87-908DF23BC290}.Release|Win32.ActiveCfg = Release|Win32
		{2E84231B-1290-4973-BF87-908DF23BC290}.Release|Win32.Build.0 = Release|Win32
		{144B2D8C-AFBA-4364-A2AF-D36AB96178B2}.Debug|Win32.ActiveCfg = Debug|Win32
		{144B2D8C-AFBA-4364-A2AF-D36AB96178B2}.Debug|Win32.Build.0 = Debug|Win32
		{144B2D8C-AFBA-4364-A2AF-D36AB96178B2}.DebugForCLR|Win32.ActiveCfg = Debug|Win32
		{144B2D8C-AFBA-4364-A2AF-D36AB96178B2}.DebugForCLR|Win32.Build.0 = Debug|Win32
		{144B2D8C-AFBA-4364-A2AF-D36AB96178B2}.Release|Win32.ActiveCfg = Release|Win32
		{144B2D8C-AFBA-4364-A2AF-D36AB96178B2}.Release|Win32.Build.0 = Release|Win32
		{8E8F64F6-C716-40DC-BEB9-CB07BB982268}.Debug|Win32.ActiveCfg = Debug|Win32
		{8E8F64F6-C716-40DC-BEB9-CB07BB982268}.Debug|Win32.Build.0 = Debug|Win32
		{8E8F64F6-C716-40DC-BEB9-CB07BB982268}.DebugForCLR|Win32.ActiveCfg = Debug|Win32
		{8E8F64F6-C716-40DC-BEB9-CB07BB982268}.DebugForCLR|Win32.Build.0 = Debug|Win32
		{8E8F64F6-C716-40DC-BEB9-CB07BB982268}.Release|Win32.ActiveCfg = Release|Win32
		{8E8F64F6-C716-40DC-BEB9-CB07BB982268}.Release|Win32.Build.0 = Release|Win32
		{E1CCE861-3A89-4B2F-8635-B543B90EFA5C}.Debug|Win32.ActiveCfg = Debug|Win32
		{E1CCE861-3A89-4B2F-8635-B543B90EFA5C}.Debug|Win32.Build.0 = Debug|Win32
		{E1CCE861-3A89-4B2F-8635-B543B90EFA5C}.DebugForCLR|Win32.ActiveCfg = Debug|Win32
		{E1CCE861-3A89-4B2F-8635-B543B90EFA5C}.DebugForCLR|Win32.Build.0 = Debug|Win32
		{E1CCE861-3A89-4B2F-8635-B543B90EFA5C}.Release|Win32.ActiveCfg = Release|Win32
		{E1CCE861-3A89-4B2F-8635-B543B90EFA5C}.Release|Win32.Build.0 = Release|Win32
		{C3B3C31F-671D-4FC0-A69A-A90C2DEBEEF3}.Debug|Win32.ActiveCfg = Debug|Win32
		{C3B3C31F-671D-4FC0-A69A-A90C2DEBEEF3}.Debug|Win32.Build.0 = Debug|Win32
		{C3B3C31F-671D-4FC0-A69A-A90C2DEBEEF3}.DebugForCLR|Win32.ActiveCfg = Debug|Win32
		{C3B3C31F-671D-4FC0-A69A-A90C2DEBEEF3}.DebugForCLR|Win32.Build.0 = Debug|Win32
		{C3B3C31F-671D-4FC0-A69A-A90C2DEBEEF3}.Release|Win32.ActiveCfg = Release|Win32
		{C3B3C31F-671D-4FC0-A69A-A90C2DEBEEF3}.Release|Win32.Build.0 = Release|Win32
		{F74C7545-C2D2-4FDE-9B4C-F875FA9D5C22}.Debug|Win32.ActiveCfg = Debug|Win32
		{F74C7545-C2D2-4FDE-9B4C-F875FA9D5C22}.Debug|Win32.Build.0 = Debug|Win32
		{F74C7545-C2D2-4FDE-9B4C-F875FA9D5C22}.DebugForCLR|Win32.ActiveCfg = DebugForCLR|Win32
		{F74C7545-C2D2-4FDE-9B4C-F875FA9D5C22}.DebugForCLR|Win32.Build.0 = DebugForCLR|Win32
		{F74C7545-C2D2-4FDE-9B4C-F875FA9D5C22}.Release|Win32.ActiveCfg = Release|Win32
		{F74C7545-C2D2-4FDE-9B4C-F875FA9D5C22}.Release|Win32.Build.0 = Release|Win32
		{0C54456D-3577-4F89-865B-06C8AE97291F}.Debug|Win32.ActiveCfg = Debug|Win32
		{0C54456D-3577-4F89-865B-06C8AE97291F}.Debug|Win32.Build.0 = Debug|Win32
		{0C54456D-3577-4F89-865B-06C8AE97291F}.DebugForCLR|Win32.ActiveCfg = Debug|Win32
		{0C54456D-3577-4F89-865B-06C8AE97291F}.DebugForCLR|Win32.Build.0 = Debug|Win32
		{0C54456D-3577-4F89-865B-06C8AE97291F}.Release|Win32.ActiveCfg = Release|Win32
		{0C54456D-3577-4F89-865B-06C8AE97291F}.Release|Win32.Build.0 = Release|Win32
		{F8243E42-064B-46CC-A0A7-8AD02CE41CBF}.Debug|Win32.ActiveCfg = Debug|Win32
		{F8243E42-064B-46CC-A0A7-8AD02CE41CBF}.Debug|Win32.Build.0 = Debug|Win32
		{F8243E42-064B-46CC-A0A7-8AD02CE41CBF}.DebugForCLR|Win32.ActiveCfg = Debug|Win32
		{F8243E42-064B-46CC-A0A7-8AD02CE41CBF}.DebugForCLR|Win32.Build.0 = Debug|Win32
		{F8243E42-064B-46CC-A0A7-8AD02CE41CBF}.Release|Win32.ActiveCfg = Release|Win32
		{F8243E42-064B-46CC-A0A7-8AD02CE41CBF}.Release|Win32.Build.0 = Release|Win32
		{AA43865F-9FD5-4FD9-AD36-7495A9701480}.Debug|Win32.ActiveCfg = Debug|Win32
		{AA43865F-9FD5-4FD9-AD36-7495A9701480}.Debug|Win32.Build.0 = Debug|Win32
		{AA43865F-9FD5-4FD9-AD36-7495A9701480}.DebugForCLR|Win32.ActiveCfg = Debug|Win32
		{AA43865F-9FD5-4FD9-AD36-7495A9701480}.DebugForCLR|Win32.Build.0 = Debug|Win32
		{AA43865F-9FD5-4FD9-AD36-7495A9701480}.Release|Win32.ActiveCfg = Release|Win32
		{AA43865F-9FD5-4FD9-AD36-7495A9701480}.Release|Win32.Build.0 = Release|Win32
		{02236CEF-05E3-46DE-9322-813209ABD6D9}.Debug|Win32.ActiveCfg = Debug|Win32
		{02236CEF-05E3-46DE-9322-813209ABD6D9}.Debug|Win32.Build.0 = Debug|Win32
		{02236CEF-05E3-46DE-9322-813209ABD6D9}.DebugForCLR|Win32.ActiveCfg = Debug|Win32
		{02236CEF-05E3-46DE-9322-813209ABD6D9}.DebugForCLR|Win32.Build.0 = Debug|Win32
		{02236CEF-05E3-46DE-9322-813209ABD6D9}.Release|Win32.ActiveCfg = Release|Win32
		{02236CEF-05E3-46DE-9322-813209ABD6D9}.Release|Win32.Build.0 = Release|Win32
		{78928F69-C7AC-44BB-B4E1-BC050C188EDE}.Debug|Win32.ActiveCfg = Debug|Win32
		{78928F69-C7AC-44BB-B4E1-BC050C188EDE}.Debug|Win32.Build.0 = Debug|Win32
		{78928F69-C7AC-44BB-B4E1-BC050C188EDE}.DebugForCLR|Win32.ActiveCfg = DebugForCLR|Win32
		{78928F69-C7AC-44BB-B4E1-BC050C188EDE}.DebugForCLR|Win32.Build.0 = DebugForCLR|Win32
		{78928F69-C7AC-44BB-B4E1-BC050C188EDE}.Release|Win32.ActiveCfg = Release|Win32
		{78928F69-C7AC-44BB-B4E1-BC050C188EDE}.Release|Win32.Build.0 = Release|Win32
		{E57DF4AD-3F29-423F-9D2A-BC8F3CE52B19}.Debug|Win32.ActiveCfg = Debug|Win32
		{E57DF4AD-3F29-423F-9D2A-BC8F3CE52B19}.Debug|Win32.Build.0 = Debug|Win32
		{E57DF4AD-3F29-423F-9D2A-BC8F3CE52B19}.DebugForCLR|Win32.ActiveCfg = Debug|Win32
		{E57DF4AD-3F29-423F-9D2A-BC8F3CE52B19}.DebugForCLR|Win32.Build.0 = Debug|Win32
		{E57DF4AD-3F29-423F-9D2A-BC8F3CE52B19}.Release|Win32.ActiveCfg = Release|Win32
		{E57DF4AD-3F29-423F-9D2A-BC8F3CE52B19}.Release|Win32.Build.0 = Release|Win32
		{F83B2B33-CDAD-40B0-801F-5CCC93027B18}.Debug|Win32.ActiveCfg = Debug|Win32
		{F83B2B33-CDAD-40B0-801F-5CCC93027B18}.Debug|Win32.Build.0 = Debug|Win32
		{F83B2B33-CDAD-40B0-801F-5CCC93027B18}.DebugForCLR|Win32.ActiveCfg = Debug|Win32
		{F83B2B33-CDAD-40B0-801F-5CCC93027B18}.DebugForCLR|Win32.Build.0 = Debug|Win32
		{F83B2B33-CDAD-40B0-801F-5CCC93027B18}.Release|Win32.ActiveCfg = Release|Win32
		{F83B2B33-CDAD-40B0-801F-5CCC93027B18}.Release|Win32.Build.0 = Release|Win32
		{5F4F1B30-68FE-446C-A8C7-527518266278}.Debug|Win32.ActiveCfg = Debug|Win32
		{5F4F1B30-68FE-446C-A8C7-527518266278}.Debug|Win32.Build.0 = Debug|Win32
		{5F4F1B30-68FE-446C-A8C7-527518266278}.DebugForCLR|Win32.ActiveCfg = Debug|Win32
		{5F4F1B30-68FE-446C-A8C7-527518266278}.DebugForCLR|Win32.Build.0 = Debug|Win32
		{5F4F1B30-68FE-446C-A8C7-527518266278}.Release|Win32.ActiveCfg = Release|Win32
		{5F4F1B30-68FE-446C-A8C7-527518266278}.Release|Win32.Build.0 = Release|Win32
		{BC097E9D-3A7F-4840-AC4F-E3B5399B1545}.Debug|Win32.ActiveCfg = Debug|Win32
		{BC097E9D-3A7F-4840-AC4F-E3B5399B1545}.Debug|Win32.Build.0 = Debug|Win32
		{BC097E9D-3A7F-4840-AC4F-E3B5399B1545}.DebugForCLR|Win32.ActiveCfg = Debug|Win32
		{BC097E9D-3A7F-4840-AC4F-E3B5399B1545}.DebugForCLR|Win32.Build.0 = Debug|Win32
		{BC097E9D-3A7F-4840-AC4F-E3B5399B1545}.Release|Win32.ActiveCfg = Release|Win32
		{BC097E9D-3A7F-4840-AC4F-E3B5399B1545}.Release|Win32.Build.0 = Release|Win32
	EndGlobalSection
	GlobalSection(SolutionProperties) = preSolution
		HideSolutionNode = FALSE
	EndGlobalSection
EndGlobal
