// !$*UTF8*$!
{
	archiveVersion = 1;
	classes = {
	};
	objectVersion = 46;
	objects = {

/* Begin PBXAggregateTarget section */
		3412CDB417AAD49100707FBB /* BaseClientLibrary_Combine */ = {
			isa = PBXAggregateTarget;
			buildConfigurationList = 3412CDB717AAD49100707FBB /* Build configuration list for PBXAggregateTarget "BaseClientLibrary_Combine" */;
			buildPhases = (
				3412CDB817AAD49D00707FBB /* ShellScript */,
			);
			dependencies = (
			);
			name = BaseClientLibrary_Combine;
			productName = BaseClientLibrary_Combine;
		};
/* End PBXAggregateTarget section */

/* Begin PBXBuildFile section */
		34A5BC1D1989519D005147E0 /* ServerConstants.cpp in Sources */ = {isa = PBXBuildFile; fileRef = 34A5BC1C1989519D005147E0 /* ServerConstants.cpp */; };
		34E9AC04197DAE4A00184045 /* UserStatsPacket.cpp in Sources */ = {isa = PBXBuildFile; fileRef = 34E9AC02197DAE4A00184045 /* UserStatsPacket.cpp */; };
		34EA684D17611D8B00F07E19 /* Foundation.framework in Frameworks */ = {isa = PBXBuildFile; fileRef = 34EA684C17611D8B00F07E19 /* Foundation.framework */; };
		34EA685217611D8B00F07E19 /* BaseClientLibrary_iOS.h in CopyFiles */ = {isa = PBXBuildFile; fileRef = 34EA685117611D8B00F07E19 /* BaseClientLibrary_iOS.h */; };
		34EA685417611D8B00F07E19 /* BaseClientLibrary_iOS.m in Sources */ = {isa = PBXBuildFile; fileRef = 34EA685317611D8B00F07E19 /* BaseClientLibrary_iOS.m */; };
		34EA689517611DD400F07E19 /* Thread.cpp in Sources */ = {isa = PBXBuildFile; fileRef = 34EA685E17611DD400F07E19 /* Thread.cpp */; };
		34EA689D17611DD400F07E19 /* Fruitadens.cpp in Sources */ = {isa = PBXBuildFile; fileRef = 34EA687417611DD400F07E19 /* Fruitadens.cpp */; };
		34EA689F17611DD400F07E19 /* BasePacket.cpp in Sources */ = {isa = PBXBuildFile; fileRef = 34EA687917611DD400F07E19 /* BasePacket.cpp */; };
		34EA68A017611DD400F07E19 /* ChatPacket.cpp in Sources */ = {isa = PBXBuildFile; fileRef = 34EA687C17611DD400F07E19 /* ChatPacket.cpp */; };
		34EA68A117611DD400F07E19 /* GamePacket.cpp in Sources */ = {isa = PBXBuildFile; fileRef = 34EA687E17611DD400F07E19 /* GamePacket.cpp */; };
		34EA68A217611DD400F07E19 /* PacketFactory.cpp in Sources */ = {isa = PBXBuildFile; fileRef = 34EA688017611DD400F07E19 /* PacketFactory.cpp */; };
		34EA68A317611DD400F07E19 /* ServerToServerPacket.cpp in Sources */ = {isa = PBXBuildFile; fileRef = 34EA688217611DD400F07E19 /* ServerToServerPacket.cpp */; };
		34EA68A617611DD400F07E19 /* CommandLineParser.cpp in Sources */ = {isa = PBXBuildFile; fileRef = 34EA688C17611DD400F07E19 /* CommandLineParser.cpp */; };
		34EA68A917611DD400F07E19 /* Utils.cpp in Sources */ = {isa = PBXBuildFile; fileRef = 34EA689317611DD400F07E19 /* Utils.cpp */; };
		34EA68AF17612DF500F07E19 /* NetworkUtils.cpp in Sources */ = {isa = PBXBuildFile; fileRef = 34EA68AE17612DF500F07E19 /* NetworkUtils.cpp */; };
		4C6C019F18F3425E004B0BF6 /* NotificationPacket.cpp in Sources */ = {isa = PBXBuildFile; fileRef = 4C6C019D18F3425E004B0BF6 /* NotificationPacket.cpp */; };
		4C820AD519BA6C93004E8AD6 /* client_log.cpp in Sources */ = {isa = PBXBuildFile; fileRef = 4C820AD419BA6C93004E8AD6 /* client_log.cpp */; };
		4CA5E3AA19EF350A00B264D6 /* StringUtils.cpp in Sources */ = {isa = PBXBuildFile; fileRef = 4CA5E3A819EF350A00B264D6 /* StringUtils.cpp */; };
		4CA6EDD61964C823007A4435 /* AnalyticsPacket.cpp in Sources */ = {isa = PBXBuildFile; fileRef = 4CA6EDD41964C823007A4435 /* AnalyticsPacket.cpp */; };
		7031249817A8404C00A83FA5 /* ContactPacket.cpp in Sources */ = {isa = PBXBuildFile; fileRef = 7031249617A8404C00A83FA5 /* ContactPacket.cpp */; };
		703B00CC19084A6400C36217 /* NetworkWrapper_SupportClasses.cpp in Sources */ = {isa = PBXBuildFile; fileRef = 703B00CA19084A6400C36217 /* NetworkWrapper_SupportClasses.cpp */; };
		705282C318EB71B000169F69 /* CommonTypes.cpp in Sources */ = {isa = PBXBuildFile; fileRef = 705282BE18EB71B000169F69 /* CommonTypes.cpp */; };
		705282C418EB71B000169F69 /* Serialize.cpp in Sources */ = {isa = PBXBuildFile; fileRef = 705282C118EB71B000169F69 /* Serialize.cpp */; };
		705B338A17FE29AA00CCDDE3 /* AssetPacket.cpp in Sources */ = {isa = PBXBuildFile; fileRef = 705B338417FE29AA00CCDDE3 /* AssetPacket.cpp */; };
		705B338B17FE29AA00CCDDE3 /* CheatPacket.cpp in Sources */ = {isa = PBXBuildFile; fileRef = 705B338617FE29AA00CCDDE3 /* CheatPacket.cpp */; };
		705B338C17FE29AA00CCDDE3 /* LoginPacket.cpp in Sources */ = {isa = PBXBuildFile; fileRef = 705B338817FE29AA00CCDDE3 /* LoginPacket.cpp */; };
		707B53F41794C1A6001D9BA1 /* DbPacket.cpp in Sources */ = {isa = PBXBuildFile; fileRef = 707B53F21794C1A6001D9BA1 /* DbPacket.cpp */; };
		708C205419083BC4009BB5D0 /* ClientNetworkWrapper.cpp in Sources */ = {isa = PBXBuildFile; fileRef = 708C204F19083BC4009BB5D0 /* ClientNetworkWrapper.cpp */; };
		70A0A4BB1919A0D200A6630B /* InvitationPacket.cpp in Sources */ = {isa = PBXBuildFile; fileRef = 70A0A4B91919A0D200A6630B /* InvitationPacket.cpp */; };
		FAA2B309182B16E200A563B9 /* TournamentPacket.cpp in Sources */ = {isa = PBXBuildFile; fileRef = FAA2B307182B16E200A563B9 /* TournamentPacket.cpp */; };
		FAA67650181F192A00D9FF01 /* PurchasePacket.cpp in Sources */ = {isa = PBXBuildFile; fileRef = FAA6764D181F192A00D9FF01 /* PurchasePacket.cpp */; };
/* End PBXBuildFile section */

/* Begin PBXCopyFilesBuildPhase section */
		34EA684717611D8B00F07E19 /* CopyFiles */ = {
			isa = PBXCopyFilesBuildPhase;
			buildActionMask = 2147483647;
			dstPath = "include/${PRODUCT_NAME}";
			dstSubfolderSpec = 16;
			files = (
				34EA685217611D8B00F07E19 /* BaseClientLibrary_iOS.h in CopyFiles */,
			);
			runOnlyForDeploymentPostprocessing = 0;
		};
/* End PBXCopyFilesBuildPhase section */

/* Begin PBXFileReference section */
		34A5BC1C1989519D005147E0 /* ServerConstants.cpp */ = {isa = PBXFileReference; fileEncoding = 4; lastKnownFileType = sourcecode.cpp.cpp; path = ServerConstants.cpp; sourceTree = "<group>"; };
		34E9AC02197DAE4A00184045 /* UserStatsPacket.cpp */ = {isa = PBXFileReference; fileEncoding = 4; lastKnownFileType = sourcecode.cpp.cpp; path = UserStatsPacket.cpp; sourceTree = "<group>"; };
		34E9AC03197DAE4A00184045 /* UserStatsPacket.h */ = {isa = PBXFileReference; fileEncoding = 4; lastKnownFileType = sourcecode.c.h; path = UserStatsPacket.h; sourceTree = "<group>"; };
		34EA684917611D8B00F07E19 /* libBaseClientLibrary_iOS.a */ = {isa = PBXFileReference; explicitFileType = archive.ar; includeInIndex = 0; path = libBaseClientLibrary_iOS.a; sourceTree = BUILT_PRODUCTS_DIR; };
		34EA684C17611D8B00F07E19 /* Foundation.framework */ = {isa = PBXFileReference; lastKnownFileType = wrapper.framework; name = Foundation.framework; path = System/Library/Frameworks/Foundation.framework; sourceTree = SDKROOT; };
		34EA685017611D8B00F07E19 /* BaseClientLibrary_iOS-Prefix.pch */ = {isa = PBXFileReference; lastKnownFileType = sourcecode.c.h; path = "BaseClientLibrary_iOS-Prefix.pch"; sourceTree = "<group>"; };
		34EA685117611D8B00F07E19 /* BaseClientLibrary_iOS.h */ = {isa = PBXFileReference; lastKnownFileType = sourcecode.c.h; path = BaseClientLibrary_iOS.h; sourceTree = "<group>"; };
		34EA685317611D8B00F07E19 /* BaseClientLibrary_iOS.m */ = {isa = PBXFileReference; lastKnownFileType = sourcecode.c.objc; path = BaseClientLibrary_iOS.m; sourceTree = "<group>"; };
		34EA685C17611DD400F07E19 /* ChainedInterface.h */ = {isa = PBXFileReference; fileEncoding = 4; lastKnownFileType = sourcecode.c.h; path = ChainedInterface.h; sourceTree = "<group>"; };
		34EA685D17611DD400F07E19 /* ChainedThread.h */ = {isa = PBXFileReference; fileEncoding = 4; lastKnownFileType = sourcecode.c.h; path = ChainedThread.h; sourceTree = "<group>"; };
		34EA685E17611DD400F07E19 /* Thread.cpp */ = {isa = PBXFileReference; fileEncoding = 4; lastKnownFileType = sourcecode.cpp.cpp; path = Thread.cpp; sourceTree = "<group>"; };
		34EA685F17611DD400F07E19 /* Thread.h */ = {isa = PBXFileReference; fileEncoding = 4; lastKnownFileType = sourcecode.c.h; path = Thread.h; sourceTree = "<group>"; };
		34EA686017611DD400F07E19 /* Thread.inl */ = {isa = PBXFileReference; fileEncoding = 4; lastKnownFileType = text; path = Thread.inl; sourceTree = "<group>"; };
		34EA686417611DD400F07E19 /* DataTypes.h */ = {isa = PBXFileReference; fileEncoding = 4; lastKnownFileType = sourcecode.c.h; path = DataTypes.h; sourceTree = "<group>"; };
		34EA687417611DD400F07E19 /* Fruitadens.cpp */ = {isa = PBXFileReference; fileEncoding = 4; lastKnownFileType = sourcecode.cpp.cpp; path = Fruitadens.cpp; sourceTree = "<group>"; };
		34EA687517611DD400F07E19 /* Fruitadens.h */ = {isa = PBXFileReference; fileEncoding = 4; lastKnownFileType = sourcecode.c.h; path = Fruitadens.h; sourceTree = "<group>"; };
		34EA687917611DD400F07E19 /* BasePacket.cpp */ = {isa = PBXFileReference; fileEncoding = 4; lastKnownFileType = sourcecode.cpp.cpp; path = BasePacket.cpp; sourceTree = "<group>"; };
		34EA687A17611DD400F07E19 /* BasePacket.h */ = {isa = PBXFileReference; fileEncoding = 4; lastKnownFileType = sourcecode.c.h; path = BasePacket.h; sourceTree = "<group>"; };
		34EA687B17611DD400F07E19 /* BasePacket.inl */ = {isa = PBXFileReference; fileEncoding = 4; lastKnownFileType = text; path = BasePacket.inl; sourceTree = "<group>"; };
		34EA687C17611DD400F07E19 /* ChatPacket.cpp */ = {isa = PBXFileReference; fileEncoding = 4; lastKnownFileType = sourcecode.cpp.cpp; path = ChatPacket.cpp; sourceTree = "<group>"; };
		34EA687D17611DD400F07E19 /* ChatPacket.h */ = {isa = PBXFileReference; fileEncoding = 4; lastKnownFileType = sourcecode.c.h; path = ChatPacket.h; sourceTree = "<group>"; };
		34EA687E17611DD400F07E19 /* GamePacket.cpp */ = {isa = PBXFileReference; fileEncoding = 4; lastKnownFileType = sourcecode.cpp.cpp; path = GamePacket.cpp; sourceTree = "<group>"; };
		34EA687F17611DD400F07E19 /* GamePacket.h */ = {isa = PBXFileReference; fileEncoding = 4; lastKnownFileType = sourcecode.c.h; path = GamePacket.h; sourceTree = "<group>"; };
		34EA688017611DD400F07E19 /* PacketFactory.cpp */ = {isa = PBXFileReference; fileEncoding = 4; lastKnownFileType = sourcecode.cpp.cpp; path = PacketFactory.cpp; sourceTree = "<group>"; };
		34EA688117611DD400F07E19 /* PacketFactory.h */ = {isa = PBXFileReference; fileEncoding = 4; lastKnownFileType = sourcecode.c.h; path = PacketFactory.h; sourceTree = "<group>"; };
		34EA688217611DD400F07E19 /* ServerToServerPacket.cpp */ = {isa = PBXFileReference; fileEncoding = 4; lastKnownFileType = sourcecode.cpp.cpp; path = ServerToServerPacket.cpp; sourceTree = "<group>"; };
		34EA688317611DD400F07E19 /* ServerToServerPacket.h */ = {isa = PBXFileReference; fileEncoding = 4; lastKnownFileType = sourcecode.c.h; path = ServerToServerPacket.h; sourceTree = "<group>"; };
		34EA688417611DD400F07E19 /* Platform.h */ = {isa = PBXFileReference; fileEncoding = 4; lastKnownFileType = sourcecode.c.h; path = Platform.h; sourceTree = "<group>"; };
		34EA688717611DD400F07E19 /* ServerConstants.h */ = {isa = PBXFileReference; fileEncoding = 4; lastKnownFileType = sourcecode.c.h; path = ServerConstants.h; sourceTree = "<group>"; };
		34EA688817611DD400F07E19 /* ServerType.h */ = {isa = PBXFileReference; fileEncoding = 4; lastKnownFileType = sourcecode.c.h; path = ServerType.h; sourceTree = "<group>"; };
		34EA688C17611DD400F07E19 /* CommandLineParser.cpp */ = {isa = PBXFileReference; fileEncoding = 4; lastKnownFileType = sourcecode.cpp.cpp; path = CommandLineParser.cpp; sourceTree = "<group>"; };
		34EA688D17611DD400F07E19 /* CommandLineParser.h */ = {isa = PBXFileReference; fileEncoding = 4; lastKnownFileType = sourcecode.c.h; path = CommandLineParser.h; sourceTree = "<group>"; };
		34EA689317611DD400F07E19 /* Utils.cpp */ = {isa = PBXFileReference; fileEncoding = 4; lastKnownFileType = sourcecode.cpp.cpp; path = Utils.cpp; sourceTree = "<group>"; };
		34EA689417611DD400F07E19 /* Utils.h */ = {isa = PBXFileReference; fileEncoding = 4; lastKnownFileType = sourcecode.c.h; path = Utils.h; sourceTree = "<group>"; };
		34EA68AE17612DF500F07E19 /* NetworkUtils.cpp */ = {isa = PBXFileReference; fileEncoding = 4; lastKnownFileType = sourcecode.cpp.cpp; name = NetworkUtils.cpp; path = ../NetworkUtils.cpp; sourceTree = "<group>"; };
		4C6C019D18F3425E004B0BF6 /* NotificationPacket.cpp */ = {isa = PBXFileReference; fileEncoding = 4; lastKnownFileType = sourcecode.cpp.cpp; path = NotificationPacket.cpp; sourceTree = "<group>"; };
		4C6C019E18F3425E004B0BF6 /* NotificationPacket.h */ = {isa = PBXFileReference; fileEncoding = 4; lastKnownFileType = sourcecode.c.h; path = NotificationPacket.h; sourceTree = "<group>"; };
		4C820AD419BA6C93004E8AD6 /* client_log.cpp */ = {isa = PBXFileReference; fileEncoding = 4; lastKnownFileType = sourcecode.cpp.cpp; name = client_log.cpp; path = Logging/client_log.cpp; sourceTree = "<group>"; };
		4CA5E3A819EF350A00B264D6 /* StringUtils.cpp */ = {isa = PBXFileReference; fileEncoding = 4; lastKnownFileType = sourcecode.cpp.cpp; path = StringUtils.cpp; sourceTree = "<group>"; };
		4CA5E3A919EF350A00B264D6 /* StringUtils.h */ = {isa = PBXFileReference; fileEncoding = 4; lastKnownFileType = sourcecode.c.h; path = StringUtils.h; sourceTree = "<group>"; };
		4CA6EDD41964C823007A4435 /* AnalyticsPacket.cpp */ = {isa = PBXFileReference; fileEncoding = 4; lastKnownFileType = sourcecode.cpp.cpp; path = AnalyticsPacket.cpp; sourceTree = "<group>"; };
		4CA6EDD51964C823007A4435 /* AnalyticsPacket.h */ = {isa = PBXFileReference; fileEncoding = 4; lastKnownFileType = sourcecode.c.h; path = AnalyticsPacket.h; sourceTree = "<group>"; };
		7031249617A8404C00A83FA5 /* ContactPacket.cpp */ = {isa = PBXFileReference; fileEncoding = 4; lastKnownFileType = sourcecode.cpp.cpp; path = ContactPacket.cpp; sourceTree = "<group>"; };
		7031249717A8404C00A83FA5 /* ContactPacket.h */ = {isa = PBXFileReference; fileEncoding = 4; lastKnownFileType = sourcecode.c.h; path = ContactPacket.h; sourceTree = "<group>"; };
		703B00CA19084A6400C36217 /* NetworkWrapper_SupportClasses.cpp */ = {isa = PBXFileReference; fileEncoding = 4; lastKnownFileType = sourcecode.cpp.cpp; name = NetworkWrapper_SupportClasses.cpp; path = ../BaseClientLibrary/NetworkWrapper_SupportClasses.cpp; sourceTree = "<group>"; };
		703B00CB19084A6400C36217 /* NetworkWrapper_SupportClasses.h */ = {isa = PBXFileReference; fileEncoding = 4; lastKnownFileType = sourcecode.c.h; name = NetworkWrapper_SupportClasses.h; path = ../BaseClientLibrary/NetworkWrapper_SupportClasses.h; sourceTree = "<group>"; };
		705282BE18EB71B000169F69 /* CommonTypes.cpp */ = {isa = PBXFileReference; fileEncoding = 4; lastKnownFileType = sourcecode.cpp.cpp; path = CommonTypes.cpp; sourceTree = "<group>"; };
		705282BF18EB71B000169F69 /* CommonTypes.h */ = {isa = PBXFileReference; fileEncoding = 4; lastKnownFileType = sourcecode.c.h; path = CommonTypes.h; sourceTree = "<group>"; };
		705282C118EB71B000169F69 /* Serialize.cpp */ = {isa = PBXFileReference; fileEncoding = 4; lastKnownFileType = sourcecode.cpp.cpp; path = Serialize.cpp; sourceTree = "<group>"; };
		705282C218EB71B000169F69 /* Serialize.h */ = {isa = PBXFileReference; fileEncoding = 4; lastKnownFileType = sourcecode.c.h; path = Serialize.h; sourceTree = "<group>"; };
		705B338417FE29AA00CCDDE3 /* AssetPacket.cpp */ = {isa = PBXFileReference; fileEncoding = 4; lastKnownFileType = sourcecode.cpp.cpp; path = AssetPacket.cpp; sourceTree = "<group>"; };
		705B338517FE29AA00CCDDE3 /* AssetPacket.h */ = {isa = PBXFileReference; fileEncoding = 4; lastKnownFileType = sourcecode.c.h; path = AssetPacket.h; sourceTree = "<group>"; };
		705B338617FE29AA00CCDDE3 /* CheatPacket.cpp */ = {isa = PBXFileReference; fileEncoding = 4; lastKnownFileType = sourcecode.cpp.cpp; path = CheatPacket.cpp; sourceTree = "<group>"; };
		705B338717FE29AA00CCDDE3 /* CheatPacket.h */ = {isa = PBXFileReference; fileEncoding = 4; lastKnownFileType = sourcecode.c.h; path = CheatPacket.h; sourceTree = "<group>"; };
		705B338817FE29AA00CCDDE3 /* LoginPacket.cpp */ = {isa = PBXFileReference; fileEncoding = 4; lastKnownFileType = sourcecode.cpp.cpp; path = LoginPacket.cpp; sourceTree = "<group>"; };
		705B338917FE29AA00CCDDE3 /* LoginPacket.h */ = {isa = PBXFileReference; fileEncoding = 4; lastKnownFileType = sourcecode.c.h; path = LoginPacket.h; sourceTree = "<group>"; };
		7068EBBD19C0EDDA00C9EB33 /* GamePacket.inl */ = {isa = PBXFileReference; fileEncoding = 4; lastKnownFileType = text; path = GamePacket.inl; sourceTree = "<group>"; };
		707B53F21794C1A6001D9BA1 /* DbPacket.cpp */ = {isa = PBXFileReference; fileEncoding = 4; lastKnownFileType = sourcecode.cpp.cpp; path = DbPacket.cpp; sourceTree = "<group>"; };
		707B53F31794C1A6001D9BA1 /* DbPacket.h */ = {isa = PBXFileReference; fileEncoding = 4; lastKnownFileType = sourcecode.c.h; path = DbPacket.h; sourceTree = "<group>"; };
		708C204F19083BC4009BB5D0 /* ClientNetworkWrapper.cpp */ = {isa = PBXFileReference; fileEncoding = 4; lastKnownFileType = sourcecode.cpp.cpp; name = ClientNetworkWrapper.cpp; path = ../BaseClientLibrary/ClientNetworkWrapper.cpp; sourceTree = "<group>"; };
		708C205019083BC4009BB5D0 /* ClientNetworkWrapper.h */ = {isa = PBXFileReference; fileEncoding = 4; lastKnownFileType = sourcecode.c.h; name = ClientNetworkWrapper.h; path = ../BaseClientLibrary/ClientNetworkWrapper.h; sourceTree = "<group>"; };
		708C205119083BC4009BB5D0 /* ClientSideNetworkCallback.h */ = {isa = PBXFileReference; fileEncoding = 4; lastKnownFileType = sourcecode.c.h; name = ClientSideNetworkCallback.h; path = ../BaseClientLibrary/ClientSideNetworkCallback.h; sourceTree = "<group>"; };
		70A0A4B91919A0D200A6630B /* InvitationPacket.cpp */ = {isa = PBXFileReference; fileEncoding = 4; lastKnownFileType = sourcecode.cpp.cpp; path = InvitationPacket.cpp; sourceTree = "<group>"; };
		70A0A4BA1919A0D200A6630B /* InvitationPacket.h */ = {isa = PBXFileReference; fileEncoding = 4; lastKnownFileType = sourcecode.c.h; path = InvitationPacket.h; sourceTree = "<group>"; };
		70BE3DE919C38B1200050E3C /* FixedLengthString.h */ = {isa = PBXFileReference; fileEncoding = 4; lastKnownFileType = sourcecode.c.h; name = FixedLengthString.h; path = General/FixedLengthString.h; sourceTree = "<group>"; };
		70BE3DEA19C38B1200050E3C /* FixedLengthString.inl */ = {isa = PBXFileReference; fileEncoding = 4; lastKnownFileType = text; name = FixedLengthString.inl; path = General/FixedLengthString.inl; sourceTree = "<group>"; };
		FAA2B307182B16E200A563B9 /* TournamentPacket.cpp */ = {isa = PBXFileReference; fileEncoding = 4; lastKnownFileType = sourcecode.cpp.cpp; path = TournamentPacket.cpp; sourceTree = "<group>"; };
		FAA2B308182B16E200A563B9 /* TournamentPacket.h */ = {isa = PBXFileReference; fileEncoding = 4; lastKnownFileType = sourcecode.c.h; path = TournamentPacket.h; sourceTree = "<group>"; };
		FAA6764D181F192A00D9FF01 /* PurchasePacket.cpp */ = {isa = PBXFileReference; fileEncoding = 4; lastKnownFileType = sourcecode.cpp.cpp; path = PurchasePacket.cpp; sourceTree = "<group>"; };
		FAA6764E181F192A00D9FF01 /* PurchasePacket.h */ = {isa = PBXFileReference; fileEncoding = 4; lastKnownFileType = sourcecode.c.h; path = PurchasePacket.h; sourceTree = "<group>"; };
/* End PBXFileReference section */

/* Begin PBXFrameworksBuildPhase section */
		34EA684617611D8B00F07E19 /* Frameworks */ = {
			isa = PBXFrameworksBuildPhase;
			buildActionMask = 2147483647;
			files = (
				34EA684D17611D8B00F07E19 /* Foundation.framework in Frameworks */,
			);
			runOnlyForDeploymentPostprocessing = 0;
		};
/* End PBXFrameworksBuildPhase section */

/* Begin PBXGroup section */
		34EA684017611D8B00F07E19 = {
			isa = PBXGroup;
			children = (
				34EA685A17611DD400F07E19 /* NetworkCommon */,
				34EA684E17611D8B00F07E19 /* BaseClientLibrary_iOS */,
				34EA684B17611D8B00F07E19 /* Frameworks */,
				34EA684A17611D8B00F07E19 /* Products */,
			);
			sourceTree = "<group>";
		};
		34EA684A17611D8B00F07E19 /* Products */ = {
			isa = PBXGroup;
			children = (
				34EA684917611D8B00F07E19 /* libBaseClientLibrary_iOS.a */,
			);
			name = Products;
			sourceTree = "<group>";
		};
		34EA684B17611D8B00F07E19 /* Frameworks */ = {
			isa = PBXGroup;
			children = (
				34EA684C17611D8B00F07E19 /* Foundation.framework */,
			);
			name = Frameworks;
			sourceTree = "<group>";
		};
		34EA684E17611D8B00F07E19 /* BaseClientLibrary_iOS */ = {
			isa = PBXGroup;
			children = (
				34EA685117611D8B00F07E19 /* BaseClientLibrary_iOS.h */,
				34EA685317611D8B00F07E19 /* BaseClientLibrary_iOS.m */,
				34EA684F17611D8B00F07E19 /* Supporting Files */,
			);
			path = BaseClientLibrary_iOS;
			sourceTree = "<group>";
		};
		34EA684F17611D8B00F07E19 /* Supporting Files */ = {
			isa = PBXGroup;
			children = (
				34EA685017611D8B00F07E19 /* BaseClientLibrary_iOS-Prefix.pch */,
			);
			name = "Supporting Files";
			sourceTree = "<group>";
		};
		34EA685A17611DD400F07E19 /* NetworkCommon */ = {
			isa = PBXGroup;
			children = (
				70BE3DE819C38AF900050E3C /* General */,
				4C820AD719BA6CCA004E8AD6 /* Logging */,
				70A54CA019084B480062027C /* BaseClientLibrary */,
				34EA685B17611DD400F07E19 /* ChainedArchitecture */,
				34EA687317611DD400F07E19 /* NetworkOut */,
				34EA687817611DD400F07E19 /* Packets */,
				34EA688917611DD400F07E19 /* Utils */,
				34EA686417611DD400F07E19 /* DataTypes.h */,
				34EA688417611DD400F07E19 /* Platform.h */,
				34EA688717611DD400F07E19 /* ServerConstants.h */,
				34A5BC1C1989519D005147E0 /* ServerConstants.cpp */,
				34EA688817611DD400F07E19 /* ServerType.h */,
			);
			name = NetworkCommon;
			path = ../../NetworkCommon;
			sourceTree = "<group>";
		};
		34EA685B17611DD400F07E19 /* ChainedArchitecture */ = {
			isa = PBXGroup;
			children = (
				34EA685C17611DD400F07E19 /* ChainedInterface.h */,
				34EA685D17611DD400F07E19 /* ChainedThread.h */,
				34EA685E17611DD400F07E19 /* Thread.cpp */,
				34EA685F17611DD400F07E19 /* Thread.h */,
				34EA686017611DD400F07E19 /* Thread.inl */,
			);
			path = ChainedArchitecture;
			sourceTree = "<group>";
		};
		34EA687317611DD400F07E19 /* NetworkOut */ = {
			isa = PBXGroup;
			children = (
				34EA68AE17612DF500F07E19 /* NetworkUtils.cpp */,
				34EA687417611DD400F07E19 /* Fruitadens.cpp */,
				34EA687517611DD400F07E19 /* Fruitadens.h */,
			);
			path = NetworkOut;
			sourceTree = "<group>";
		};
		34EA687817611DD400F07E19 /* Packets */ = {
			isa = PBXGroup;
			children = (
				4CA6EDD41964C823007A4435 /* AnalyticsPacket.cpp */,
				4CA6EDD51964C823007A4435 /* AnalyticsPacket.h */,
				705B338417FE29AA00CCDDE3 /* AssetPacket.cpp */,
				705B338517FE29AA00CCDDE3 /* AssetPacket.h */,
				34EA687917611DD400F07E19 /* BasePacket.cpp */,
				34EA687A17611DD400F07E19 /* BasePacket.h */,
				34EA687B17611DD400F07E19 /* BasePacket.inl */,
				34EA687C17611DD400F07E19 /* ChatPacket.cpp */,
				34EA687D17611DD400F07E19 /* ChatPacket.h */,
				705B338617FE29AA00CCDDE3 /* CheatPacket.cpp */,
				705B338717FE29AA00CCDDE3 /* CheatPacket.h */,
				705282BE18EB71B000169F69 /* CommonTypes.cpp */,
				705282BF18EB71B000169F69 /* CommonTypes.h */,
				7031249617A8404C00A83FA5 /* ContactPacket.cpp */,
				7031249717A8404C00A83FA5 /* ContactPacket.h */,
				707B53F21794C1A6001D9BA1 /* DbPacket.cpp */,
				707B53F31794C1A6001D9BA1 /* DbPacket.h */,
				34EA687E17611DD400F07E19 /* GamePacket.cpp */,
				7068EBBD19C0EDDA00C9EB33 /* GamePacket.inl */,
				34EA687F17611DD400F07E19 /* GamePacket.h */,
				70A0A4B91919A0D200A6630B /* InvitationPacket.cpp */,
				70A0A4BA1919A0D200A6630B /* InvitationPacket.h */,
				705B338817FE29AA00CCDDE3 /* LoginPacket.cpp */,
				705B338917FE29AA00CCDDE3 /* LoginPacket.h */,
				4C6C019D18F3425E004B0BF6 /* NotificationPacket.cpp */,
				4C6C019E18F3425E004B0BF6 /* NotificationPacket.h */,
				34EA688017611DD400F07E19 /* PacketFactory.cpp */,
				34EA688117611DD400F07E19 /* PacketFactory.h */,
				FAA6764D181F192A00D9FF01 /* PurchasePacket.cpp */,
				FAA6764E181F192A00D9FF01 /* PurchasePacket.h */,
				705282C118EB71B000169F69 /* Serialize.cpp */,
				705282C218EB71B000169F69 /* Serialize.h */,
				34EA688217611DD400F07E19 /* ServerToServerPacket.cpp */,
				34EA688317611DD400F07E19 /* ServerToServerPacket.h */,
				FAA2B307182B16E200A563B9 /* TournamentPacket.cpp */,
				FAA2B308182B16E200A563B9 /* TournamentPacket.h */,
				34E9AC02197DAE4A00184045 /* UserStatsPacket.cpp */,
				34E9AC03197DAE4A00184045 /* UserStatsPacket.h */,
			);
			path = Packets;
			sourceTree = "<group>";
		};
		34EA688917611DD400F07E19 /* Utils */ = {
			isa = PBXGroup;
			children = (
				4CA5E3A819EF350A00B264D6 /* StringUtils.cpp */,
				4CA5E3A919EF350A00B264D6 /* StringUtils.h */,
				34EA688C17611DD400F07E19 /* CommandLineParser.cpp */,
				34EA688D17611DD400F07E19 /* CommandLineParser.h */,
				34EA689317611DD400F07E19 /* Utils.cpp */,
				34EA689417611DD400F07E19 /* Utils.h */,
			);
			path = Utils;
			sourceTree = "<group>";
		};
		4C820AD719BA6CCA004E8AD6 /* Logging */ = {
			isa = PBXGroup;
			children = (
				4C820AD419BA6C93004E8AD6 /* client_log.cpp */,
			);
			name = Logging;
			sourceTree = "<group>";
		};
		70A54CA019084B480062027C /* BaseClientLibrary */ = {
			isa = PBXGroup;
			children = (
				703B00CA19084A6400C36217 /* NetworkWrapper_SupportClasses.cpp */,
				703B00CB19084A6400C36217 /* NetworkWrapper_SupportClasses.h */,
				708C204F19083BC4009BB5D0 /* ClientNetworkWrapper.cpp */,
				708C205019083BC4009BB5D0 /* ClientNetworkWrapper.h */,
				708C205119083BC4009BB5D0 /* ClientSideNetworkCallback.h */,
			);
			name = BaseClientLibrary;
			sourceTree = "<group>";
		};
		70BE3DE819C38AF900050E3C /* General */ = {
			isa = PBXGroup;
			children = (
				70BE3DE919C38B1200050E3C /* FixedLengthString.h */,
				70BE3DEA19C38B1200050E3C /* FixedLengthString.inl */,
			);
			name = General;
			sourceTree = "<group>";
		};
/* End PBXGroup section */

/* Begin PBXNativeTarget section */
		34EA684817611D8B00F07E19 /* BaseClientLibrary_iOS */ = {
			isa = PBXNativeTarget;
			buildConfigurationList = 34EA685717611D8B00F07E19 /* Build configuration list for PBXNativeTarget "BaseClientLibrary_iOS" */;
			buildPhases = (
				34EA684517611D8B00F07E19 /* Sources */,
				34EA684617611D8B00F07E19 /* Frameworks */,
				34EA684717611D8B00F07E19 /* CopyFiles */,
			);
			buildRules = (
			);
			dependencies = (
			);
			name = BaseClientLibrary_iOS;
			productName = BaseClientLibrary_iOS;
			productReference = 34EA684917611D8B00F07E19 /* libBaseClientLibrary_iOS.a */;
			productType = "com.apple.product-type.library.static";
		};
/* End PBXNativeTarget section */

/* Begin PBXProject section */
		34EA684117611D8B00F07E19 /* Project object */ = {
			isa = PBXProject;
			attributes = {
				LastUpgradeCheck = 0460;
				ORGANIZATIONNAME = Playdek;
			};
			buildConfigurationList = 34EA684417611D8B00F07E19 /* Build configuration list for PBXProject "BaseClientLibrary_iOS" */;
			compatibilityVersion = "Xcode 3.2";
			developmentRegion = English;
			hasScannedForEncodings = 0;
			knownRegions = (
				en,
			);
			mainGroup = 34EA684017611D8B00F07E19;
			productRefGroup = 34EA684A17611D8B00F07E19 /* Products */;
			projectDirPath = "";
			projectRoot = "";
			targets = (
				34EA684817611D8B00F07E19 /* BaseClientLibrary_iOS */,
				3412CDB417AAD49100707FBB /* BaseClientLibrary_Combine */,
			);
		};
/* End PBXProject section */

/* Begin PBXShellScriptBuildPhase section */
		3412CDB817AAD49D00707FBB /* ShellScript */ = {
			isa = PBXShellScriptBuildPhase;
			buildActionMask = 2147483647;
			files = (
			);
			inputPaths = (
			);
			outputPaths = (
			);
			runOnlyForDeploymentPostprocessing = 0;
			shellPath = /bin/sh;
			shellScript = "XCODEBUILD_PATH=/Applications/Xcode.app/Contents/Developer/usr/bin\nXCODEBUILD=$XCODEBUILD_PATH/xcodebuild\n\n$XCODEBUILD -project BaseClientLibrary_iOS.xcodeproj -target \"BaseClientLibrary_iOS\" -sdk \"iphonesimulator\" -configuration \"Release\" clean build\n$XCODEBUILD -project BaseClientLibrary_iOS.xcodeproj -target \"BaseClientLibrary_iOS\" -sdk \"iphoneos\" -configuration \"Release\" clean build\nlipo -create -output \"build/libBaseClientLibrary_iOS.a\" \"build/Release-iphoneos/libBaseClientLibrary_iOS.a\" \"build/Release-iphonesimulator/libBaseClientLibrary_iOS.a\"\n";
		};
/* End PBXShellScriptBuildPhase section */

/* Begin PBXSourcesBuildPhase section */
		34EA684517611D8B00F07E19 /* Sources */ = {
			isa = PBXSourcesBuildPhase;
			buildActionMask = 2147483647;
			files = (
				34EA685417611D8B00F07E19 /* BaseClientLibrary_iOS.m in Sources */,
				34EA689517611DD400F07E19 /* Thread.cpp in Sources */,
				34EA689D17611DD400F07E19 /* Fruitadens.cpp in Sources */,
				34A5BC1D1989519D005147E0 /* ServerConstants.cpp in Sources */,
				34EA689F17611DD400F07E19 /* BasePacket.cpp in Sources */,
				34EA68A017611DD400F07E19 /* ChatPacket.cpp in Sources */,
				34EA68A117611DD400F07E19 /* GamePacket.cpp in Sources */,
				34E9AC04197DAE4A00184045 /* UserStatsPacket.cpp in Sources */,
				4CA6EDD61964C823007A4435 /* AnalyticsPacket.cpp in Sources */,
				34EA68A217611DD400F07E19 /* PacketFactory.cpp in Sources */,
				34EA68A317611DD400F07E19 /* ServerToServerPacket.cpp in Sources */,
				4C820AD519BA6C93004E8AD6 /* client_log.cpp in Sources */,
				4C6C019F18F3425E004B0BF6 /* NotificationPacket.cpp in Sources */,
				34EA68A617611DD400F07E19 /* CommandLineParser.cpp in Sources */,
				34EA68A917611DD400F07E19 /* Utils.cpp in Sources */,
				34EA68AF17612DF500F07E19 /* NetworkUtils.cpp in Sources */,
				707B53F41794C1A6001D9BA1 /* DbPacket.cpp in Sources */,
				7031249817A8404C00A83FA5 /* ContactPacket.cpp in Sources */,
				705B338A17FE29AA00CCDDE3 /* AssetPacket.cpp in Sources */,
				4CA5E3AA19EF350A00B264D6 /* StringUtils.cpp in Sources */,
				705B338B17FE29AA00CCDDE3 /* CheatPacket.cpp in Sources */,
				705B338C17FE29AA00CCDDE3 /* LoginPacket.cpp in Sources */,
				FAA67650181F192A00D9FF01 /* PurchasePacket.cpp in Sources */,
				FAA2B309182B16E200A563B9 /* TournamentPacket.cpp in Sources */,
				705282C318EB71B000169F69 /* CommonTypes.cpp in Sources */,
				705282C418EB71B000169F69 /* Serialize.cpp in Sources */,
				708C205419083BC4009BB5D0 /* ClientNetworkWrapper.cpp in Sources */,
				703B00CC19084A6400C36217 /* NetworkWrapper_SupportClasses.cpp in Sources */,
				70A0A4BB1919A0D200A6630B /* InvitationPacket.cpp in Sources */,
			);
			runOnlyForDeploymentPostprocessing = 0;
		};
/* End PBXSourcesBuildPhase section */

/* Begin XCBuildConfiguration section */
		3412CDB517AAD49100707FBB /* Debug */ = {
			isa = XCBuildConfiguration;
			buildSettings = {
				PRODUCT_NAME = "$(TARGET_NAME)";
			};
			name = Debug;
		};
		3412CDB617AAD49100707FBB /* Release */ = {
			isa = XCBuildConfiguration;
			buildSettings = {
				PRODUCT_NAME = "$(TARGET_NAME)";
			};
			name = Release;
		};
		34EA685517611D8B00F07E19 /* Debug */ = {
			isa = XCBuildConfiguration;
			buildSettings = {
				ALWAYS_SEARCH_USER_PATHS = NO;
				CLANG_CXX_LANGUAGE_STANDARD = "gnu++0x";
				CLANG_CXX_LIBRARY = "libstdc++";
				CLANG_WARN_CONSTANT_CONVERSION = YES;
				CLANG_WARN_EMPTY_BODY = YES;
				CLANG_WARN_ENUM_CONVERSION = YES;
				CLANG_WARN_INT_CONVERSION = YES;
				CLANG_WARN__DUPLICATE_METHOD_MATCH = YES;
				COPY_PHASE_STRIP = NO;
				DSTROOT = /users/alex/depot/alex.shank_macbook/MberSW/main/;
				GCC_C_LANGUAGE_STANDARD = gnu99;
				GCC_DYNAMIC_NO_PIC = NO;
				GCC_OPTIMIZATION_LEVEL = 0;
				GCC_PREPROCESSOR_DEFINITIONS = (
					"DEBUG=1",
					"$(inherited)",
					CLIENT_ONLY,
				);
				GCC_SYMBOLS_PRIVATE_EXTERN = NO;
				GCC_WARN_ABOUT_RETURN_TYPE = YES;
				GCC_WARN_UNINITIALIZED_AUTOS = YES;
				GCC_WARN_UNUSED_VARIABLE = YES;
				HEADER_SEARCH_PATHS = (
					"$(SRCROOT)/../../../boost",
					"$(SRCROOT)/../../../libevent",
				);
				IPHONEOS_DEPLOYMENT_TARGET = 6.1;
				ONLY_ACTIVE_ARCH = NO;
				OTHER_CPLUSPLUSFLAGS = "$(OTHER_CFLAGS)";
				SDKROOT = iphoneos;
				STRIP_INSTALLED_PRODUCT = NO;
			};
			name = Debug;
		};
		34EA685617611D8B00F07E19 /* Release */ = {
			isa = XCBuildConfiguration;
			buildSettings = {
				ALWAYS_SEARCH_USER_PATHS = NO;
				CLANG_CXX_LANGUAGE_STANDARD = "gnu++0x";
				CLANG_CXX_LIBRARY = "libstdc++";
				CLANG_WARN_CONSTANT_CONVERSION = YES;
				CLANG_WARN_EMPTY_BODY = YES;
				CLANG_WARN_ENUM_CONVERSION = YES;
				CLANG_WARN_INT_CONVERSION = YES;
				CLANG_WARN__DUPLICATE_METHOD_MATCH = YES;
				COPY_PHASE_STRIP = YES;
				DSTROOT = /users/alex/depot/alex.shank_macbook/MberSW/main/;
				GCC_C_LANGUAGE_STANDARD = gnu99;
				GCC_GENERATE_DEBUGGING_SYMBOLS = NO;
				GCC_PREPROCESSOR_DEFINITIONS = CLIENT_ONLY;
				GCC_WARN_ABOUT_RETURN_TYPE = YES;
				GCC_WARN_UNINITIALIZED_AUTOS = YES;
				GCC_WARN_UNUSED_VARIABLE = YES;
				HEADER_SEARCH_PATHS = (
					"$(SRCROOT)/../../../boost",
					"$(SRCROOT)/../../../libevent",
				);
				IPHONEOS_DEPLOYMENT_TARGET = 6.1;
				OTHER_CPLUSPLUSFLAGS = "$(OTHER_CFLAGS)";
				SDKROOT = iphoneos;
				STRIP_INSTALLED_PRODUCT = NO;
				VALIDATE_PRODUCT = YES;
			};
			name = Release;
		};
		34EA685817611D8B00F07E19 /* Debug */ = {
			isa = XCBuildConfiguration;
			buildSettings = {
				DSTROOT = /tmp/BaseClientLibrary_iOS.dst;
				GCC_PRECOMPILE_PREFIX_HEADER = YES;
				GCC_PREFIX_HEADER = "BaseClientLibrary_iOS/BaseClientLibrary_iOS-Prefix.pch";
				ONLY_ACTIVE_ARCH = NO;
				OTHER_LDFLAGS = "-ObjC";
				PRODUCT_NAME = "$(TARGET_NAME)";
				SKIP_INSTALL = YES;
			};
			name = Debug;
		};
		34EA685917611D8B00F07E19 /* Release */ = {
			isa = XCBuildConfiguration;
			buildSettings = {
				DSTROOT = /tmp/BaseClientLibrary_iOS.dst;
				GCC_GENERATE_DEBUGGING_SYMBOLS = NO;
				GCC_PRECOMPILE_PREFIX_HEADER = YES;
				GCC_PREFIX_HEADER = "BaseClientLibrary_iOS/BaseClientLibrary_iOS-Prefix.pch";
				OTHER_LDFLAGS = "-ObjC";
				PRODUCT_NAME = "$(TARGET_NAME)";
				SKIP_INSTALL = YES;
			};
			name = Release;
		};
/* End XCBuildConfiguration section */

/* Begin XCConfigurationList section */
		3412CDB717AAD49100707FBB /* Build configuration list for PBXAggregateTarget "BaseClientLibrary_Combine" */ = {
			isa = XCConfigurationList;
			buildConfigurations = (
				3412CDB517AAD49100707FBB /* Debug */,
				3412CDB617AAD49100707FBB /* Release */,
			);
			defaultConfigurationIsVisible = 0;
			defaultConfigurationName = Release;
		};
		34EA684417611D8B00F07E19 /* Build configuration list for PBXProject "BaseClientLibrary_iOS" */ = {
			isa = XCConfigurationList;
			buildConfigurations = (
				34EA685517611D8B00F07E19 /* Debug */,
				34EA685617611D8B00F07E19 /* Release */,
			);
			defaultConfigurationIsVisible = 0;
			defaultConfigurationName = Release;
		};
		34EA685717611D8B00F07E19 /* Build configuration list for PBXNativeTarget "BaseClientLibrary_iOS" */ = {
			isa = XCConfigurationList;
			buildConfigurations = (
				34EA685817611D8B00F07E19 /* Debug */,
				34EA685917611D8B00F07E19 /* Release */,
			);
			defaultConfigurationIsVisible = 0;
			defaultConfigurationName = Release;
		};
/* End XCConfigurationList section */
	};
	rootObject = 34EA684117611D8B00F07E19 /* Project object */;
}
