// !$*UTF8*$!
{
	archiveVersion = 1;
	classes = {
	};
	objectVersion = 46;
	objects = {

/* Begin PBXBuildFile section */
		70615BD117596345000C42D6 /* libmysqlclient.a in Frameworks */ = {isa = PBXBuildFile; fileRef = 70615BD017596345000C42D6 /* libmysqlclient.a */; };
		70615BD5175963D3000C42D6 /* libevent.a in Frameworks */ = {isa = PBXBuildFile; fileRef = 70615BD4175963D3000C42D6 /* libevent.a */; };
		70615BD7175965AA000C42D6 /* libevent_pthreads.a in Frameworks */ = {isa = PBXBuildFile; fileRef = 70615BD6175965AA000C42D6 /* libevent_pthreads.a */; };
		707F580C17593E93006FEA41 /* LoginMac.1 in CopyFiles */ = {isa = PBXBuildFile; fileRef = 707F580B17593E93006FEA41 /* LoginMac.1 */; };
		707F581E17593F06006FEA41 /* Serialize.cpp in Sources */ = {isa = PBXBuildFile; fileRef = 707F581A17593F06006FEA41 /* Serialize.cpp */; };
		707F582317593F20006FEA41 /* CommandLineParser.cpp in Sources */ = {isa = PBXBuildFile; fileRef = 707F581F17593F20006FEA41 /* CommandLineParser.cpp */; };
		707F582417593F20006FEA41 /* Utils.cpp in Sources */ = {isa = PBXBuildFile; fileRef = 707F582117593F20006FEA41 /* Utils.cpp */; };
		707F583017593F31006FEA41 /* BasePacket.cpp in Sources */ = {isa = PBXBuildFile; fileRef = 707F582517593F31006FEA41 /* BasePacket.cpp */; };
		707F583117593F31006FEA41 /* ChatPacket.cpp in Sources */ = {isa = PBXBuildFile; fileRef = 707F582817593F31006FEA41 /* ChatPacket.cpp */; };
		707F583217593F31006FEA41 /* GamePacket.cpp in Sources */ = {isa = PBXBuildFile; fileRef = 707F582A17593F31006FEA41 /* GamePacket.cpp */; };
		707F583317593F31006FEA41 /* PacketFactory.cpp in Sources */ = {isa = PBXBuildFile; fileRef = 707F582C17593F31006FEA41 /* PacketFactory.cpp */; };
		707F583417593F31006FEA41 /* ServerToServerPacket.cpp in Sources */ = {isa = PBXBuildFile; fileRef = 707F582E17593F31006FEA41 /* ServerToServerPacket.cpp */; };
		707F583A17593F4A006FEA41 /* Diplodocus.cpp in Sources */ = {isa = PBXBuildFile; fileRef = 707F583517593F4A006FEA41 /* Diplodocus.cpp */; };
		707F583B17593F4A006FEA41 /* Khaan.cpp in Sources */ = {isa = PBXBuildFile; fileRef = 707F583817593F4A006FEA41 /* Khaan.cpp */; };
		707F583E17593FA7006FEA41 /* Fruitadens.cpp in Sources */ = {isa = PBXBuildFile; fileRef = 707F583C17593FA7006FEA41 /* Fruitadens.cpp */; };
		707F584117593FE6006FEA41 /* KhaanServerToServer.cpp in Sources */ = {isa = PBXBuildFile; fileRef = 707F583F17593FE6006FEA41 /* KhaanServerToServer.cpp */; };
		707F584517593FF6006FEA41 /* TableWrapper.cpp in Sources */ = {isa = PBXBuildFile; fileRef = 707F584317593FF6006FEA41 /* TableWrapper.cpp */; };
		707F585217594022006FEA41 /* Thread.cpp in Sources */ = {isa = PBXBuildFile; fileRef = 707F584F17594022006FEA41 /* Thread.cpp */; };
		707F58561759403A006FEA41 /* Deltadromeus.cpp in Sources */ = {isa = PBXBuildFile; fileRef = 707F58541759403A006FEA41 /* Deltadromeus.cpp */; };
		70A9F545175958140009AED5 /* Login.cpp in Sources */ = {isa = PBXBuildFile; fileRef = 70A9F541175958140009AED5 /* Login.cpp */; };
		70A9F54C17595B230009AED5 /* DiplodocusLogin.cpp in Sources */ = {isa = PBXBuildFile; fileRef = 70A9F54617595B230009AED5 /* DiplodocusLogin.cpp */; };
		70A9F54D17595B230009AED5 /* FruitadensLogin.cpp in Sources */ = {isa = PBXBuildFile; fileRef = 70A9F54817595B230009AED5 /* FruitadensLogin.cpp */; };
		70A9F54E17595B230009AED5 /* KhaanLogin.cpp in Sources */ = {isa = PBXBuildFile; fileRef = 70A9F54A17595B230009AED5 /* KhaanLogin.cpp */; };
/* End PBXBuildFile section */

/* Begin PBXCopyFilesBuildPhase section */
		707F580417593E93006FEA41 /* CopyFiles */ = {
			isa = PBXCopyFilesBuildPhase;
			buildActionMask = 2147483647;
			dstPath = /usr/share/man/man1/;
			dstSubfolderSpec = 0;
			files = (
				707F580C17593E93006FEA41 /* LoginMac.1 in CopyFiles */,
			);
			runOnlyForDeploymentPostprocessing = 1;
		};
/* End PBXCopyFilesBuildPhase section */

/* Begin PBXFileReference section */
		70615BD017596345000C42D6 /* libmysqlclient.a */ = {isa = PBXFileReference; lastKnownFileType = archive.ar; name = libmysqlclient.a; path = /usr/local/lib/libmysqlclient.a; sourceTree = "<absolute>"; };
		70615BD4175963D3000C42D6 /* libevent.a */ = {isa = PBXFileReference; lastKnownFileType = archive.ar; name = libevent.a; path = ../../../../../../../../usr/local/lib/libevent.a; sourceTree = "<group>"; };
		70615BD6175965AA000C42D6 /* libevent_pthreads.a */ = {isa = PBXFileReference; lastKnownFileType = archive.ar; name = libevent_pthreads.a; path = ../../../../../../../../usr/local/lib/libevent_pthreads.a; sourceTree = "<group>"; };
		707F580617593E93006FEA41 /* LoginMac */ = {isa = PBXFileReference; explicitFileType = "compiled.mach-o.executable"; includeInIndex = 0; path = LoginMac; sourceTree = BUILT_PRODUCTS_DIR; };
		707F580B17593E93006FEA41 /* LoginMac.1 */ = {isa = PBXFileReference; lastKnownFileType = text.man; path = LoginMac.1; sourceTree = "<group>"; };
		707F581817593F06006FEA41 /* DataTypes.h */ = {isa = PBXFileReference; fileEncoding = 4; lastKnownFileType = sourcecode.c.h; name = DataTypes.h; path = ../../NetworkCommon/DataTypes.h; sourceTree = "<group>"; };
		707F581917593F06006FEA41 /* Platform.h */ = {isa = PBXFileReference; fileEncoding = 4; lastKnownFileType = sourcecode.c.h; name = Platform.h; path = ../../NetworkCommon/Platform.h; sourceTree = "<group>"; };
		707F581A17593F06006FEA41 /* Serialize.cpp */ = {isa = PBXFileReference; fileEncoding = 4; lastKnownFileType = sourcecode.cpp.cpp; name = Serialize.cpp; path = ../../NetworkCommon/Serialize.cpp; sourceTree = "<group>"; };
		707F581B17593F06006FEA41 /* Serialize.h */ = {isa = PBXFileReference; fileEncoding = 4; lastKnownFileType = sourcecode.c.h; name = Serialize.h; path = ../../NetworkCommon/Serialize.h; sourceTree = "<group>"; };
		707F581C17593F06006FEA41 /* ServerConstants.h */ = {isa = PBXFileReference; fileEncoding = 4; lastKnownFileType = sourcecode.c.h; name = ServerConstants.h; path = ../../NetworkCommon/ServerConstants.h; sourceTree = "<group>"; };
		707F581D17593F06006FEA41 /* ServerType.h */ = {isa = PBXFileReference; fileEncoding = 4; lastKnownFileType = sourcecode.c.h; name = ServerType.h; path = ../../NetworkCommon/ServerType.h; sourceTree = "<group>"; };
		707F581F17593F20006FEA41 /* CommandLineParser.cpp */ = {isa = PBXFileReference; fileEncoding = 4; lastKnownFileType = sourcecode.cpp.cpp; name = CommandLineParser.cpp; path = ../../NetworkCommon/Utils/CommandLineParser.cpp; sourceTree = "<group>"; };
		707F582017593F20006FEA41 /* CommandLineParser.h */ = {isa = PBXFileReference; fileEncoding = 4; lastKnownFileType = sourcecode.c.h; name = CommandLineParser.h; path = ../../NetworkCommon/Utils/CommandLineParser.h; sourceTree = "<group>"; };
		707F582117593F20006FEA41 /* Utils.cpp */ = {isa = PBXFileReference; fileEncoding = 4; lastKnownFileType = sourcecode.cpp.cpp; name = Utils.cpp; path = ../../NetworkCommon/Utils/Utils.cpp; sourceTree = "<group>"; };
		707F582217593F20006FEA41 /* Utils.h */ = {isa = PBXFileReference; fileEncoding = 4; lastKnownFileType = sourcecode.c.h; name = Utils.h; path = ../../NetworkCommon/Utils/Utils.h; sourceTree = "<group>"; };
		707F582517593F31006FEA41 /* BasePacket.cpp */ = {isa = PBXFileReference; fileEncoding = 4; lastKnownFileType = sourcecode.cpp.cpp; name = BasePacket.cpp; path = ../../NetworkCommon/Packets/BasePacket.cpp; sourceTree = "<group>"; };
		707F582617593F31006FEA41 /* BasePacket.h */ = {isa = PBXFileReference; fileEncoding = 4; lastKnownFileType = sourcecode.c.h; name = BasePacket.h; path = ../../NetworkCommon/Packets/BasePacket.h; sourceTree = "<group>"; };
		707F582717593F31006FEA41 /* BasePacket.inl */ = {isa = PBXFileReference; fileEncoding = 4; lastKnownFileType = text; name = BasePacket.inl; path = ../../NetworkCommon/Packets/BasePacket.inl; sourceTree = "<group>"; };
		707F582817593F31006FEA41 /* ChatPacket.cpp */ = {isa = PBXFileReference; fileEncoding = 4; lastKnownFileType = sourcecode.cpp.cpp; name = ChatPacket.cpp; path = ../../NetworkCommon/Packets/ChatPacket.cpp; sourceTree = "<group>"; };
		707F582917593F31006FEA41 /* ChatPacket.h */ = {isa = PBXFileReference; fileEncoding = 4; lastKnownFileType = sourcecode.c.h; name = ChatPacket.h; path = ../../NetworkCommon/Packets/ChatPacket.h; sourceTree = "<group>"; };
		707F582A17593F31006FEA41 /* GamePacket.cpp */ = {isa = PBXFileReference; fileEncoding = 4; lastKnownFileType = sourcecode.cpp.cpp; name = GamePacket.cpp; path = ../../NetworkCommon/Packets/GamePacket.cpp; sourceTree = "<group>"; };
		707F582B17593F31006FEA41 /* GamePacket.h */ = {isa = PBXFileReference; fileEncoding = 4; lastKnownFileType = sourcecode.c.h; name = GamePacket.h; path = ../../NetworkCommon/Packets/GamePacket.h; sourceTree = "<group>"; };
		707F582C17593F31006FEA41 /* PacketFactory.cpp */ = {isa = PBXFileReference; fileEncoding = 4; lastKnownFileType = sourcecode.cpp.cpp; name = PacketFactory.cpp; path = ../../NetworkCommon/Packets/PacketFactory.cpp; sourceTree = "<group>"; };
		707F582D17593F31006FEA41 /* PacketFactory.h */ = {isa = PBXFileReference; fileEncoding = 4; lastKnownFileType = sourcecode.c.h; name = PacketFactory.h; path = ../../NetworkCommon/Packets/PacketFactory.h; sourceTree = "<group>"; };
		707F582E17593F31006FEA41 /* ServerToServerPacket.cpp */ = {isa = PBXFileReference; fileEncoding = 4; lastKnownFileType = sourcecode.cpp.cpp; name = ServerToServerPacket.cpp; path = ../../NetworkCommon/Packets/ServerToServerPacket.cpp; sourceTree = "<group>"; };
		707F582F17593F31006FEA41 /* ServerToServerPacket.h */ = {isa = PBXFileReference; fileEncoding = 4; lastKnownFileType = sourcecode.c.h; name = ServerToServerPacket.h; path = ../../NetworkCommon/Packets/ServerToServerPacket.h; sourceTree = "<group>"; };
		707F583517593F4A006FEA41 /* Diplodocus.cpp */ = {isa = PBXFileReference; fileEncoding = 4; lastKnownFileType = sourcecode.cpp.cpp; name = Diplodocus.cpp; path = ../../NetworkCommon/NetworkIn/Diplodocus.cpp; sourceTree = "<group>"; };
		707F583617593F4A006FEA41 /* Diplodocus.h */ = {isa = PBXFileReference; fileEncoding = 4; lastKnownFileType = sourcecode.c.h; name = Diplodocus.h; path = ../../NetworkCommon/NetworkIn/Diplodocus.h; sourceTree = "<group>"; };
		707F583717593F4A006FEA41 /* Diplodocus.inl */ = {isa = PBXFileReference; fileEncoding = 4; lastKnownFileType = text; name = Diplodocus.inl; path = ../../NetworkCommon/NetworkIn/Diplodocus.inl; sourceTree = "<group>"; };
		707F583817593F4A006FEA41 /* Khaan.cpp */ = {isa = PBXFileReference; fileEncoding = 4; lastKnownFileType = sourcecode.cpp.cpp; name = Khaan.cpp; path = ../../NetworkCommon/NetworkIn/Khaan.cpp; sourceTree = "<group>"; };
		707F583917593F4A006FEA41 /* Khaan.h */ = {isa = PBXFileReference; fileEncoding = 4; lastKnownFileType = sourcecode.c.h; name = Khaan.h; path = ../../NetworkCommon/NetworkIn/Khaan.h; sourceTree = "<group>"; };
		707F583C17593FA7006FEA41 /* Fruitadens.cpp */ = {isa = PBXFileReference; fileEncoding = 4; lastKnownFileType = sourcecode.cpp.cpp; name = Fruitadens.cpp; path = ../../NetworkCommon/NetworkOut/Fruitadens.cpp; sourceTree = "<group>"; };
		707F583D17593FA7006FEA41 /* Fruitadens.h */ = {isa = PBXFileReference; fileEncoding = 4; lastKnownFileType = sourcecode.c.h; name = Fruitadens.h; path = ../../NetworkCommon/NetworkOut/Fruitadens.h; sourceTree = "<group>"; };
		707F583F17593FE6006FEA41 /* KhaanServerToServer.cpp */ = {isa = PBXFileReference; fileEncoding = 4; lastKnownFileType = sourcecode.cpp.cpp; name = KhaanServerToServer.cpp; path = ../../NetworkCommon/NetworkIn/KhaanServerToServer.cpp; sourceTree = "<group>"; };
		707F584017593FE6006FEA41 /* KhaanServerToServer.h */ = {isa = PBXFileReference; fileEncoding = 4; lastKnownFileType = sourcecode.c.h; name = KhaanServerToServer.h; path = ../../NetworkCommon/NetworkIn/KhaanServerToServer.h; sourceTree = "<group>"; };
		707F584217593FF6006FEA41 /* Enigmosaurus.h */ = {isa = PBXFileReference; fileEncoding = 4; lastKnownFileType = sourcecode.c.h; name = Enigmosaurus.h; path = ../../NetworkCommon/Utils/Enigmosaurus.h; sourceTree = "<group>"; };
		707F584317593FF6006FEA41 /* TableWrapper.cpp */ = {isa = PBXFileReference; fileEncoding = 4; lastKnownFileType = sourcecode.cpp.cpp; name = TableWrapper.cpp; path = ../../NetworkCommon/Utils/TableWrapper.cpp; sourceTree = "<group>"; };
		707F584417593FF6006FEA41 /* TableWrapper.h */ = {isa = PBXFileReference; fileEncoding = 4; lastKnownFileType = sourcecode.c.h; name = TableWrapper.h; path = ../../NetworkCommon/Utils/TableWrapper.h; sourceTree = "<group>"; };
		707F584D17594022006FEA41 /* ChainedInterface.h */ = {isa = PBXFileReference; fileEncoding = 4; lastKnownFileType = sourcecode.c.h; name = ChainedInterface.h; path = ../../NetworkCommon/ChainedArchitecture/ChainedInterface.h; sourceTree = "<group>"; };
		707F584E17594022006FEA41 /* ChainedThread.h */ = {isa = PBXFileReference; fileEncoding = 4; lastKnownFileType = sourcecode.c.h; name = ChainedThread.h; path = ../../NetworkCommon/ChainedArchitecture/ChainedThread.h; sourceTree = "<group>"; };
		707F584F17594022006FEA41 /* Thread.cpp */ = {isa = PBXFileReference; fileEncoding = 4; lastKnownFileType = sourcecode.cpp.cpp; name = Thread.cpp; path = ../../NetworkCommon/ChainedArchitecture/Thread.cpp; sourceTree = "<group>"; };
		707F585017594022006FEA41 /* Thread.h */ = {isa = PBXFileReference; fileEncoding = 4; lastKnownFileType = sourcecode.c.h; name = Thread.h; path = ../../NetworkCommon/ChainedArchitecture/Thread.h; sourceTree = "<group>"; };
		707F585117594022006FEA41 /* Thread.inl */ = {isa = PBXFileReference; fileEncoding = 4; lastKnownFileType = text; name = Thread.inl; path = ../../NetworkCommon/ChainedArchitecture/Thread.inl; sourceTree = "<group>"; };
		707F58541759403A006FEA41 /* Deltadromeus.cpp */ = {isa = PBXFileReference; fileEncoding = 4; lastKnownFileType = sourcecode.cpp.cpp; name = Deltadromeus.cpp; path = ../../NetworkCommon/Database/Deltadromeus.cpp; sourceTree = "<group>"; };
		707F58551759403A006FEA41 /* Deltadromeus.h */ = {isa = PBXFileReference; fileEncoding = 4; lastKnownFileType = sourcecode.c.h; name = Deltadromeus.h; path = ../../NetworkCommon/Database/Deltadromeus.h; sourceTree = "<group>"; };
		70A9F541175958140009AED5 /* Login.cpp */ = {isa = PBXFileReference; fileEncoding = 4; lastKnownFileType = sourcecode.cpp.cpp; name = Login.cpp; path = ../../Login.cpp; sourceTree = "<group>"; };
		70A9F54617595B230009AED5 /* DiplodocusLogin.cpp */ = {isa = PBXFileReference; fileEncoding = 4; lastKnownFileType = sourcecode.cpp.cpp; name = DiplodocusLogin.cpp; path = ../../DiplodocusLogin.cpp; sourceTree = "<group>"; };
		70A9F54717595B230009AED5 /* DiplodocusLogin.h */ = {isa = PBXFileReference; fileEncoding = 4; lastKnownFileType = sourcecode.c.h; name = DiplodocusLogin.h; path = ../../DiplodocusLogin.h; sourceTree = "<group>"; };
		70A9F54817595B230009AED5 /* FruitadensLogin.cpp */ = {isa = PBXFileReference; fileEncoding = 4; lastKnownFileType = sourcecode.cpp.cpp; name = FruitadensLogin.cpp; path = ../../FruitadensLogin.cpp; sourceTree = "<group>"; };
		70A9F54917595B230009AED5 /* FruitadensLogin.h */ = {isa = PBXFileReference; fileEncoding = 4; lastKnownFileType = sourcecode.c.h; name = FruitadensLogin.h; path = ../../FruitadensLogin.h; sourceTree = "<group>"; };
		70A9F54A17595B230009AED5 /* KhaanLogin.cpp */ = {isa = PBXFileReference; fileEncoding = 4; lastKnownFileType = sourcecode.cpp.cpp; name = KhaanLogin.cpp; path = ../../KhaanLogin.cpp; sourceTree = "<group>"; };
		70A9F54B17595B230009AED5 /* KhaanLogin.h */ = {isa = PBXFileReference; fileEncoding = 4; lastKnownFileType = sourcecode.c.h; name = KhaanLogin.h; path = ../../KhaanLogin.h; sourceTree = "<group>"; };
/* End PBXFileReference section */

/* Begin PBXFrameworksBuildPhase section */
		707F580317593E93006FEA41 /* Frameworks */ = {
			isa = PBXFrameworksBuildPhase;
			buildActionMask = 2147483647;
			files = (
				70615BD117596345000C42D6 /* libmysqlclient.a in Frameworks */,
				70615BD5175963D3000C42D6 /* libevent.a in Frameworks */,
				70615BD7175965AA000C42D6 /* libevent_pthreads.a in Frameworks */,
			);
			runOnlyForDeploymentPostprocessing = 0;
		};
/* End PBXFrameworksBuildPhase section */

/* Begin PBXGroup section */
		707F57FD17593E93006FEA41 = {
			isa = PBXGroup;
			children = (
				70FAB320175961D400D50533 /* LibMySql */,
				70FAB31717595FC200D50533 /* LibEventCoreLibrary */,
				707F581217593E99006FEA41 /* NetworkCommon */,
				707F580817593E93006FEA41 /* LoginMac */,
				707F580717593E93006FEA41 /* Products */,
			);
			sourceTree = "<group>";
		};
		707F580717593E93006FEA41 /* Products */ = {
			isa = PBXGroup;
			children = (
				707F580617593E93006FEA41 /* LoginMac */,
			);
			name = Products;
			sourceTree = "<group>";
		};
		707F580817593E93006FEA41 /* LoginMac */ = {
			isa = PBXGroup;
			children = (
				70A9F54617595B230009AED5 /* DiplodocusLogin.cpp */,
				70A9F54717595B230009AED5 /* DiplodocusLogin.h */,
				70A9F54817595B230009AED5 /* FruitadensLogin.cpp */,
				70A9F54917595B230009AED5 /* FruitadensLogin.h */,
				70A9F54A17595B230009AED5 /* KhaanLogin.cpp */,
				70A9F54B17595B230009AED5 /* KhaanLogin.h */,
				70A9F541175958140009AED5 /* Login.cpp */,
				707F580B17593E93006FEA41 /* LoginMac.1 */,
			);
			path = LoginMac;
			sourceTree = "<group>";
		};
		707F581217593E99006FEA41 /* NetworkCommon */ = {
			isa = PBXGroup;
			children = (
				707F581317593EA5006FEA41 /* ChainedArchitecture */,
				707F585317594028006FEA41 /* Database */,
				707F581817593F06006FEA41 /* DataTypes.h */,
				707F581917593F06006FEA41 /* Platform.h */,
				707F581A17593F06006FEA41 /* Serialize.cpp */,
				707F581B17593F06006FEA41 /* Serialize.h */,
				707F581C17593F06006FEA41 /* ServerConstants.h */,
				707F581D17593F06006FEA41 /* ServerType.h */,
				707F581717593EED006FEA41 /* Utils */,
				707F581617593EE8006FEA41 /* Packets */,
				707F581517593EE0006FEA41 /* NetworkOut */,
				707F581417593ED4006FEA41 /* NetworkIn */,
			);
			name = NetworkCommon;
			sourceTree = "<group>";
		};
		707F581317593EA5006FEA41 /* ChainedArchitecture */ = {
			isa = PBXGroup;
			children = (
				707F584D17594022006FEA41 /* ChainedInterface.h */,
				707F584E17594022006FEA41 /* ChainedThread.h */,
				707F584F17594022006FEA41 /* Thread.cpp */,
				707F585017594022006FEA41 /* Thread.h */,
				707F585117594022006FEA41 /* Thread.inl */,
			);
			name = ChainedArchitecture;
			sourceTree = "<group>";
		};
		707F581417593ED4006FEA41 /* NetworkIn */ = {
			isa = PBXGroup;
			children = (
				707F583F17593FE6006FEA41 /* KhaanServerToServer.cpp */,
				707F584017593FE6006FEA41 /* KhaanServerToServer.h */,
				707F583517593F4A006FEA41 /* Diplodocus.cpp */,
				707F583617593F4A006FEA41 /* Diplodocus.h */,
				707F583717593F4A006FEA41 /* Diplodocus.inl */,
				707F583817593F4A006FEA41 /* Khaan.cpp */,
				707F583917593F4A006FEA41 /* Khaan.h */,
			);
			name = NetworkIn;
			sourceTree = "<group>";
		};
		707F581517593EE0006FEA41 /* NetworkOut */ = {
			isa = PBXGroup;
			children = (
				707F583C17593FA7006FEA41 /* Fruitadens.cpp */,
				707F583D17593FA7006FEA41 /* Fruitadens.h */,
			);
			name = NetworkOut;
			sourceTree = "<group>";
		};
		707F581617593EE8006FEA41 /* Packets */ = {
			isa = PBXGroup;
			children = (
				707F582517593F31006FEA41 /* BasePacket.cpp */,
				707F582617593F31006FEA41 /* BasePacket.h */,
				707F582717593F31006FEA41 /* BasePacket.inl */,
				707F582817593F31006FEA41 /* ChatPacket.cpp */,
				707F582917593F31006FEA41 /* ChatPacket.h */,
				707F582A17593F31006FEA41 /* GamePacket.cpp */,
				707F582B17593F31006FEA41 /* GamePacket.h */,
				707F582C17593F31006FEA41 /* PacketFactory.cpp */,
				707F582D17593F31006FEA41 /* PacketFactory.h */,
				707F582E17593F31006FEA41 /* ServerToServerPacket.cpp */,
				707F582F17593F31006FEA41 /* ServerToServerPacket.h */,
			);
			name = Packets;
			sourceTree = "<group>";
		};
		707F581717593EED006FEA41 /* Utils */ = {
			isa = PBXGroup;
			children = (
				707F584217593FF6006FEA41 /* Enigmosaurus.h */,
				707F584317593FF6006FEA41 /* TableWrapper.cpp */,
				707F584417593FF6006FEA41 /* TableWrapper.h */,
				707F581F17593F20006FEA41 /* CommandLineParser.cpp */,
				707F582017593F20006FEA41 /* CommandLineParser.h */,
				707F582117593F20006FEA41 /* Utils.cpp */,
				707F582217593F20006FEA41 /* Utils.h */,
			);
			name = Utils;
			sourceTree = "<group>";
		};
		707F585317594028006FEA41 /* Database */ = {
			isa = PBXGroup;
			children = (
				707F58541759403A006FEA41 /* Deltadromeus.cpp */,
				707F58551759403A006FEA41 /* Deltadromeus.h */,
			);
			name = Database;
			sourceTree = "<group>";
		};
		70FAB31717595FC200D50533 /* LibEventCoreLibrary */ = {
			isa = PBXGroup;
			children = (
				70615BD6175965AA000C42D6 /* libevent_pthreads.a */,
				70615BD4175963D3000C42D6 /* libevent.a */,
			);
			name = LibEventCoreLibrary;
			sourceTree = "<group>";
		};
		70FAB320175961D400D50533 /* LibMySql */ = {
			isa = PBXGroup;
			children = (
				70615BD017596345000C42D6 /* libmysqlclient.a */,
			);
			name = LibMySql;
			sourceTree = "<group>";
		};
/* End PBXGroup section */

/* Begin PBXNativeTarget section */
		707F580517593E93006FEA41 /* LoginMac */ = {
			isa = PBXNativeTarget;
			buildConfigurationList = 707F580F17593E93006FEA41 /* Build configuration list for PBXNativeTarget "LoginMac" */;
			buildPhases = (
				707F580217593E93006FEA41 /* Sources */,
				707F580317593E93006FEA41 /* Frameworks */,
				707F580417593E93006FEA41 /* CopyFiles */,
			);
			buildRules = (
			);
			dependencies = (
			);
			name = LoginMac;
			productName = LoginMac;
			productReference = 707F580617593E93006FEA41 /* LoginMac */;
			productType = "com.apple.product-type.tool";
		};
/* End PBXNativeTarget section */

/* Begin PBXProject section */
		707F57FE17593E93006FEA41 /* Project object */ = {
			isa = PBXProject;
			attributes = {
				LastUpgradeCheck = 0460;
				ORGANIZATIONNAME = "Mickey Kawick";
			};
			buildConfigurationList = 707F580117593E93006FEA41 /* Build configuration list for PBXProject "LoginMac" */;
			compatibilityVersion = "Xcode 3.2";
			developmentRegion = English;
			hasScannedForEncodings = 0;
			knownRegions = (
				en,
			);
			mainGroup = 707F57FD17593E93006FEA41;
			productRefGroup = 707F580717593E93006FEA41 /* Products */;
			projectDirPath = "";
			projectRoot = "";
			targets = (
				707F580517593E93006FEA41 /* LoginMac */,
			);
		};
/* End PBXProject section */

/* Begin PBXSourcesBuildPhase section */
		707F580217593E93006FEA41 /* Sources */ = {
			isa = PBXSourcesBuildPhase;
			buildActionMask = 2147483647;
			files = (
				707F581E17593F06006FEA41 /* Serialize.cpp in Sources */,
				707F582317593F20006FEA41 /* CommandLineParser.cpp in Sources */,
				707F582417593F20006FEA41 /* Utils.cpp in Sources */,
				707F583017593F31006FEA41 /* BasePacket.cpp in Sources */,
				707F583117593F31006FEA41 /* ChatPacket.cpp in Sources */,
				707F583217593F31006FEA41 /* GamePacket.cpp in Sources */,
				707F583317593F31006FEA41 /* PacketFactory.cpp in Sources */,
				707F583417593F31006FEA41 /* ServerToServerPacket.cpp in Sources */,
				707F583A17593F4A006FEA41 /* Diplodocus.cpp in Sources */,
				707F583B17593F4A006FEA41 /* Khaan.cpp in Sources */,
				707F583E17593FA7006FEA41 /* Fruitadens.cpp in Sources */,
				707F584117593FE6006FEA41 /* KhaanServerToServer.cpp in Sources */,
				707F584517593FF6006FEA41 /* TableWrapper.cpp in Sources */,
				707F585217594022006FEA41 /* Thread.cpp in Sources */,
				707F58561759403A006FEA41 /* Deltadromeus.cpp in Sources */,
				70A9F545175958140009AED5 /* Login.cpp in Sources */,
				70A9F54C17595B230009AED5 /* DiplodocusLogin.cpp in Sources */,
				70A9F54D17595B230009AED5 /* FruitadensLogin.cpp in Sources */,
				70A9F54E17595B230009AED5 /* KhaanLogin.cpp in Sources */,
			);
			runOnlyForDeploymentPostprocessing = 0;
		};
/* End PBXSourcesBuildPhase section */

/* Begin XCBuildConfiguration section */
		707F580D17593E93006FEA41 /* Debug */ = {
			isa = XCBuildConfiguration;
			buildSettings = {
				ALWAYS_SEARCH_USER_PATHS = NO;
				ARCHS = "$(ARCHS_STANDARD_64_BIT)";
				CLANG_CXX_LANGUAGE_STANDARD = "gnu++0x";
				CLANG_CXX_LIBRARY = "libc++";
				CLANG_WARN_CONSTANT_CONVERSION = YES;
				CLANG_WARN_EMPTY_BODY = YES;
				CLANG_WARN_ENUM_CONVERSION = YES;
				CLANG_WARN_INT_CONVERSION = YES;
				CLANG_WARN__DUPLICATE_METHOD_MATCH = YES;
				COPY_PHASE_STRIP = NO;
				GCC_C_LANGUAGE_STANDARD = gnu99;
				GCC_DYNAMIC_NO_PIC = NO;
				GCC_ENABLE_OBJC_EXCEPTIONS = YES;
				GCC_OPTIMIZATION_LEVEL = 0;
				GCC_PREPROCESSOR_DEFINITIONS = (
					"DEBUG=1",
					"$(inherited)",
				);
				GCC_SYMBOLS_PRIVATE_EXTERN = NO;
				GCC_WARN_64_TO_32_BIT_CONVERSION = YES;
				GCC_WARN_ABOUT_RETURN_TYPE = YES;
				GCC_WARN_UNINITIALIZED_AUTOS = YES;
				GCC_WARN_UNUSED_VARIABLE = YES;
				HEADER_SEARCH_PATHS = (
					/Users/mickey/develop/boost,
					"/Users/mickey/develop/libevent/**",
					"/usr/local/include/**",
				);
				LIBRARY_SEARCH_PATHS = /usr/local/lib;
				MACOSX_DEPLOYMENT_TARGET = 10.8;
				ONLY_ACTIVE_ARCH = YES;
				SDKROOT = macosx10.8;
			};
			name = Debug;
		};
		707F580E17593E93006FEA41 /* Release */ = {
			isa = XCBuildConfiguration;
			buildSettings = {
				ALWAYS_SEARCH_USER_PATHS = NO;
				ARCHS = "$(ARCHS_STANDARD_64_BIT)";
				CLANG_CXX_LANGUAGE_STANDARD = "gnu++0x";
				CLANG_CXX_LIBRARY = "libc++";
				CLANG_WARN_CONSTANT_CONVERSION = YES;
				CLANG_WARN_EMPTY_BODY = YES;
				CLANG_WARN_ENUM_CONVERSION = YES;
				CLANG_WARN_INT_CONVERSION = YES;
				CLANG_WARN__DUPLICATE_METHOD_MATCH = YES;
				COPY_PHASE_STRIP = YES;
				DEBUG_INFORMATION_FORMAT = "dwarf-with-dsym";
				GCC_C_LANGUAGE_STANDARD = gnu99;
				GCC_ENABLE_OBJC_EXCEPTIONS = YES;
				GCC_WARN_64_TO_32_BIT_CONVERSION = YES;
				GCC_WARN_ABOUT_RETURN_TYPE = YES;
				GCC_WARN_UNINITIALIZED_AUTOS = YES;
				GCC_WARN_UNUSED_VARIABLE = YES;
				HEADER_SEARCH_PATHS = (
					/Users/mickey/develop/boost,
					"/Users/mickey/develop/libevent/**",
					"/usr/local/include/**",
				);
				LIBRARY_SEARCH_PATHS = /usr/local/lib;
				MACOSX_DEPLOYMENT_TARGET = 10.8;
				SDKROOT = macosx10.8;
			};
			name = Release;
		};
		707F581017593E93006FEA41 /* Debug */ = {
			isa = XCBuildConfiguration;
			buildSettings = {
				PRODUCT_NAME = "$(TARGET_NAME)";
			};
			name = Debug;
		};
		707F581117593E93006FEA41 /* Release */ = {
			isa = XCBuildConfiguration;
			buildSettings = {
				PRODUCT_NAME = "$(TARGET_NAME)";
			};
			name = Release;
		};
/* End XCBuildConfiguration section */

/* Begin XCConfigurationList section */
		707F580117593E93006FEA41 /* Build configuration list for PBXProject "LoginMac" */ = {
			isa = XCConfigurationList;
			buildConfigurations = (
				707F580D17593E93006FEA41 /* Debug */,
				707F580E17593E93006FEA41 /* Release */,
			);
			defaultConfigurationIsVisible = 0;
			defaultConfigurationName = Release;
		};
		707F580F17593E93006FEA41 /* Build configuration list for PBXNativeTarget "LoginMac" */ = {
			isa = XCConfigurationList;
			buildConfigurations = (
				707F581017593E93006FEA41 /* Debug */,
				707F581117593E93006FEA41 /* Release */,
			);
			defaultConfigurationIsVisible = 0;
			defaultConfigurationName = Release;
		};
/* End XCConfigurationList section */
	};
	rootObject = 707F57FE17593E93006FEA41 /* Project object */;
}
